
Microsoft Visual Studio Solution File, Format Version 12.00
# Visual Studio Version 17
VisualStudioVersion = 17.14.36717.8 d17.14
MinimumVisualStudioVersion = 10.0.40219.1
Project("{FAE04EC0-301F-11D3-BF4B-00C04F79EFBC}") = "ControleEstoque.API", "ControleEstoque.API.csproj", "{858050C7-B7A4-43B8-B7BB-DF0E45D7BCD3}"
EndProject
Global
	GlobalSection(SolutionConfigurationPlatforms) = preSolution
		Debug|Any CPU = Debug|Any CPU
		Release|Any CPU = Release|Any CPU
	EndGlobalSection
	GlobalSection(ProjectConfigurationPlatforms) = postSolution
		{858050C7-B7A4-43B8-B7BB-DF0E45D7BCD3}.Debug|Any CPU.ActiveCfg = Debug|Any CPU
		{858050C7-B7A4-43B8-B7BB-DF0E45D7BCD3}.Debug|Any CPU.Build.0 = Debug|Any CPU
		{858050C7-B7A4-43B8-B7BB-DF0E45D7BCD3}.Release|Any CPU.ActiveCfg = Release|Any CPU
		{858050C7-B7A4-43B8-B7BB-DF0E45D7BCD3}.Release|Any CPU.Build.0 = Release|Any CPU
	EndGlobalSection
	GlobalSection(SolutionProperties) = preSolution
		HideSolutionNode = FALSE
	EndGlobalSection
	GlobalSection(ExtensibilityGlobals) = postSolution
		SolutionGuid = {0B5AEFF0-323F-497E-9F86-7965894B1182}
	EndGlobalSection
EndGlobal
